// !$*UTF8*$!
{
	archiveVersion = 1;
	classes = {
	};
	objectVersion = 51;
	objects = {

/* Begin PBXBuildFile section */
		A40FDB6CB3A149C1043F3495 /* Pods_GradPath_1.framework in Frameworks */ = {isa = PBXBuildFile; fileRef = 8CB562576B43513A0FB81C32 /* Pods_GradPath_1.framework */; };
		AF016D47253D03EE00A126E4 /* AppDelegate.swift in Sources */ = {isa = PBXBuildFile; fileRef = AF016D46253D03EE00A126E4 /* AppDelegate.swift */; };
		AF016D49253D03EE00A126E4 /* SceneDelegate.swift in Sources */ = {isa = PBXBuildFile; fileRef = AF016D48253D03EE00A126E4 /* SceneDelegate.swift */; };
		AF016D4B253D03EE00A126E4 /* ViewController.swift in Sources */ = {isa = PBXBuildFile; fileRef = AF016D4A253D03EE00A126E4 /* ViewController.swift */; };
		AF016D4E253D03EE00A126E4 /* Main.storyboard in Resources */ = {isa = PBXBuildFile; fileRef = AF016D4C253D03EE00A126E4 /* Main.storyboard */; };
		AF016D50253D03F100A126E4 /* Assets.xcassets in Resources */ = {isa = PBXBuildFile; fileRef = AF016D4F253D03F100A126E4 /* Assets.xcassets */; };
		AF016D53253D03F100A126E4 /* LaunchScreen.storyboard in Resources */ = {isa = PBXBuildFile; fileRef = AF016D51253D03F100A126E4 /* LaunchScreen.storyboard */; };
		AF0F71182560716600DDDD4A /* LevelViewController.swift in Sources */ = {isa = PBXBuildFile; fileRef = AF0F71172560716600DDDD4A /* LevelViewController.swift */; };
		AF1D82972568CCB7007AAEB6 /* data.txt in Resources */ = {isa = PBXBuildFile; fileRef = AF1D82962568CCB7007AAEB6 /* data.txt */; };
		AF48CFF0254D306800544EF8 /* LoginViewController.swift in Sources */ = {isa = PBXBuildFile; fileRef = AF48CFEF254D306800544EF8 /* LoginViewController.swift */; };
		AF48CFF4254D322F00544EF8 /* SignupViewController.swift in Sources */ = {isa = PBXBuildFile; fileRef = AF48CFF3254D322F00544EF8 /* SignupViewController.swift */; };
		AF48CFF8254D357C00544EF8 /* User.swift in Sources */ = {isa = PBXBuildFile; fileRef = AF48CFF7254D357C00544EF8 /* User.swift */; };
		AF5241D02563AB1900D65CA6 /* CourseTableViewCell.swift in Sources */ = {isa = PBXBuildFile; fileRef = AF5241CF2563AB1900D65CA6 /* CourseTableViewCell.swift */; };
		AF55D3F7257726CE00078A40 /* MyProfileViewController.swift in Sources */ = {isa = PBXBuildFile; fileRef = AF55D3F6257726CE00078A40 /* MyProfileViewController.swift */; };
		AF686BB52550AF9200F01C93 /* GradPath_1Tests.swift in Sources */ = {isa = PBXBuildFile; fileRef = AF686BB42550AF9200F01C93 /* GradPath_1Tests.swift */; };
		AF686BC72551097B00F01C93 /* KeywordViewController.swift in Sources */ = {isa = PBXBuildFile; fileRef = AF686BC62551097B00F01C93 /* KeywordViewController.swift */; };
		AF6957D825743CC400979C26 /* SavedCourseTableViewController.swift in Sources */ = {isa = PBXBuildFile; fileRef = AF6957D725743CC400979C26 /* SavedCourseTableViewController.swift */; };
		AF6957DD257440D000979C26 /* SavedCourseTableViewCell.swift in Sources */ = {isa = PBXBuildFile; fileRef = AF6957DC257440D000979C26 /* SavedCourseTableViewCell.swift */; };
		AFC12B3725737B2E00126E0B /* DashboardViewController.swift in Sources */ = {isa = PBXBuildFile; fileRef = AFC12B3625737B2E00126E0B /* DashboardViewController.swift */; };
		AFC66866256F5BBB00F3A622 /* GradPath_1UITests.swift in Sources */ = {isa = PBXBuildFile; fileRef = AFC66865256F5BBB00F3A622 /* GradPath_1UITests.swift */; };
		AFD056B625649D9300AF4058 /* CourseTableViewController.swift in Sources */ = {isa = PBXBuildFile; fileRef = AFD056B525649D9300AF4058 /* CourseTableViewController.swift */; };
/* End PBXBuildFile section */

/* Begin PBXContainerItemProxy section */
		AF686BB72550AF9200F01C93 /* PBXContainerItemProxy */ = {
			isa = PBXContainerItemProxy;
			containerPortal = AF016D3B253D03EE00A126E4 /* Project object */;
			proxyType = 1;
			remoteGlobalIDString = AF016D42253D03EE00A126E4;
			remoteInfo = "GradPath-1";
		};
		AFC66868256F5BBB00F3A622 /* PBXContainerItemProxy */ = {
			isa = PBXContainerItemProxy;
			containerPortal = AF016D3B253D03EE00A126E4 /* Project object */;
			proxyType = 1;
			remoteGlobalIDString = AF016D42253D03EE00A126E4;
			remoteInfo = "GradPath-1";
		};
/* End PBXContainerItemProxy section */

/* Begin PBXFileReference section */
		8CB562576B43513A0FB81C32 /* Pods_GradPath_1.framework */ = {isa = PBXFileReference; explicitFileType = wrapper.framework; includeInIndex = 0; path = Pods_GradPath_1.framework; sourceTree = BUILT_PRODUCTS_DIR; };
		AF016D43253D03EE00A126E4 /* GradPath-1.app */ = {isa = PBXFileReference; explicitFileType = wrapper.application; includeInIndex = 0; path = "GradPath-1.app"; sourceTree = BUILT_PRODUCTS_DIR; };
		AF016D46253D03EE00A126E4 /* AppDelegate.swift */ = {isa = PBXFileReference; lastKnownFileType = sourcecode.swift; path = AppDelegate.swift; sourceTree = "<group>"; };
		AF016D48253D03EE00A126E4 /* SceneDelegate.swift */ = {isa = PBXFileReference; lastKnownFileType = sourcecode.swift; path = SceneDelegate.swift; sourceTree = "<group>"; };
		AF016D4A253D03EE00A126E4 /* ViewController.swift */ = {isa = PBXFileReference; lastKnownFileType = sourcecode.swift; path = ViewController.swift; sourceTree = "<group>"; };
		AF016D4D253D03EE00A126E4 /* Base */ = {isa = PBXFileReference; lastKnownFileType = file.storyboard; name = Base; path = Base.lproj/Main.storyboard; sourceTree = "<group>"; };
		AF016D4F253D03F100A126E4 /* Assets.xcassets */ = {isa = PBXFileReference; lastKnownFileType = folder.assetcatalog; path = Assets.xcassets; sourceTree = "<group>"; };
		AF016D52253D03F100A126E4 /* Base */ = {isa = PBXFileReference; lastKnownFileType = file.storyboard; name = Base; path = Base.lproj/LaunchScreen.storyboard; sourceTree = "<group>"; };
		AF016D54253D03F100A126E4 /* Info.plist */ = {isa = PBXFileReference; lastKnownFileType = text.plist.xml; path = Info.plist; sourceTree = "<group>"; };
		AF0F71172560716600DDDD4A /* LevelViewController.swift */ = {isa = PBXFileReference; lastKnownFileType = sourcecode.swift; path = LevelViewController.swift; sourceTree = "<group>"; };
		AF1D82962568CCB7007AAEB6 /* data.txt */ = {isa = PBXFileReference; lastKnownFileType = text; path = data.txt; sourceTree = "<group>"; };
		AF48CFEF254D306800544EF8 /* LoginViewController.swift */ = {isa = PBXFileReference; lastKnownFileType = sourcecode.swift; path = LoginViewController.swift; sourceTree = "<group>"; };
		AF48CFF3254D322F00544EF8 /* SignupViewController.swift */ = {isa = PBXFileReference; lastKnownFileType = sourcecode.swift; path = SignupViewController.swift; sourceTree = "<group>"; };
		AF48CFF7254D357C00544EF8 /* User.swift */ = {isa = PBXFileReference; lastKnownFileType = sourcecode.swift; path = User.swift; sourceTree = "<group>"; };
		AF5241CF2563AB1900D65CA6 /* CourseTableViewCell.swift */ = {isa = PBXFileReference; lastKnownFileType = sourcecode.swift; path = CourseTableViewCell.swift; sourceTree = "<group>"; };
		AF55D3F6257726CE00078A40 /* MyProfileViewController.swift */ = {isa = PBXFileReference; lastKnownFileType = sourcecode.swift; path = MyProfileViewController.swift; sourceTree = "<group>"; };
		AF686BB22550AF9200F01C93 /* GradPath-1Tests.xctest */ = {isa = PBXFileReference; explicitFileType = wrapper.cfbundle; includeInIndex = 0; path = "GradPath-1Tests.xctest"; sourceTree = BUILT_PRODUCTS_DIR; };
		AF686BB42550AF9200F01C93 /* GradPath_1Tests.swift */ = {isa = PBXFileReference; lastKnownFileType = sourcecode.swift; path = GradPath_1Tests.swift; sourceTree = "<group>"; };
		AF686BB62550AF9200F01C93 /* Info.plist */ = {isa = PBXFileReference; lastKnownFileType = text.plist.xml; path = Info.plist; sourceTree = "<group>"; };
		AF686BC62551097B00F01C93 /* KeywordViewController.swift */ = {isa = PBXFileReference; lastKnownFileType = sourcecode.swift; path = KeywordViewController.swift; sourceTree = "<group>"; };
		AF6957D725743CC400979C26 /* SavedCourseTableViewController.swift */ = {isa = PBXFileReference; lastKnownFileType = sourcecode.swift; path = SavedCourseTableViewController.swift; sourceTree = "<group>"; };
		AF6957DC257440D000979C26 /* SavedCourseTableViewCell.swift */ = {isa = PBXFileReference; lastKnownFileType = sourcecode.swift; path = SavedCourseTableViewCell.swift; sourceTree = "<group>"; };
		AFC12B3625737B2E00126E0B /* DashboardViewController.swift */ = {isa = PBXFileReference; lastKnownFileType = sourcecode.swift; path = DashboardViewController.swift; sourceTree = "<group>"; };
		AFC66863256F5BBB00F3A622 /* GradPath-1UITests.xctest */ = {isa = PBXFileReference; explicitFileType = wrapper.cfbundle; includeInIndex = 0; path = "GradPath-1UITests.xctest"; sourceTree = BUILT_PRODUCTS_DIR; };
		AFC66865256F5BBB00F3A622 /* GradPath_1UITests.swift */ = {isa = PBXFileReference; lastKnownFileType = sourcecode.swift; path = GradPath_1UITests.swift; sourceTree = "<group>"; };
		AFC66867256F5BBB00F3A622 /* Info.plist */ = {isa = PBXFileReference; lastKnownFileType = text.plist.xml; path = Info.plist; sourceTree = "<group>"; };
		AFD056B525649D9300AF4058 /* CourseTableViewController.swift */ = {isa = PBXFileReference; lastKnownFileType = sourcecode.swift; path = CourseTableViewController.swift; sourceTree = "<group>"; };
		CAC8FFC1CE2B18EEA4522045 /* Pods-GradPath-1.release.xcconfig */ = {isa = PBXFileReference; includeInIndex = 1; lastKnownFileType = text.xcconfig; name = "Pods-GradPath-1.release.xcconfig"; path = "Target Support Files/Pods-GradPath-1/Pods-GradPath-1.release.xcconfig"; sourceTree = "<group>"; };
		D67175C6031C878E4B6DD5AE /* Pods-GradPath-1.debug.xcconfig */ = {isa = PBXFileReference; includeInIndex = 1; lastKnownFileType = text.xcconfig; name = "Pods-GradPath-1.debug.xcconfig"; path = "Target Support Files/Pods-GradPath-1/Pods-GradPath-1.debug.xcconfig"; sourceTree = "<group>"; };
/* End PBXFileReference section */

/* Begin PBXFrameworksBuildPhase section */
		AF016D40253D03EE00A126E4 /* Frameworks */ = {
			isa = PBXFrameworksBuildPhase;
			buildActionMask = 2147483647;
			files = (
				A40FDB6CB3A149C1043F3495 /* Pods_GradPath_1.framework in Frameworks */,
			);
			runOnlyForDeploymentPostprocessing = 0;
		};
		AF686BAF2550AF9200F01C93 /* Frameworks */ = {
			isa = PBXFrameworksBuildPhase;
			buildActionMask = 2147483647;
			files = (
			);
			runOnlyForDeploymentPostprocessing = 0;
		};
		AFC66860256F5BBB00F3A622 /* Frameworks */ = {
			isa = PBXFrameworksBuildPhase;
			buildActionMask = 2147483647;
			files = (
			);
			runOnlyForDeploymentPostprocessing = 0;
		};
/* End PBXFrameworksBuildPhase section */

/* Begin PBXGroup section */
		03EA0962D3FB6F72CE875FDE /* Pods */ = {
			isa = PBXGroup;
			children = (
				D67175C6031C878E4B6DD5AE /* Pods-GradPath-1.debug.xcconfig */,
				CAC8FFC1CE2B18EEA4522045 /* Pods-GradPath-1.release.xcconfig */,
			);
			path = Pods;
			sourceTree = "<group>";
		};
		78526A06C1C914155AC5FADC /* Frameworks */ = {
			isa = PBXGroup;
			children = (
				8CB562576B43513A0FB81C32 /* Pods_GradPath_1.framework */,
			);
			name = Frameworks;
			sourceTree = "<group>";
		};
		AF016D3A253D03EE00A126E4 = {
			isa = PBXGroup;
			children = (
				AF016D45253D03EE00A126E4 /* GradPath-1 */,
				AF686BB32550AF9200F01C93 /* GradPath-1Tests */,
				AFC66864256F5BBB00F3A622 /* GradPath-1UITests */,
				AF016D44253D03EE00A126E4 /* Products */,
				03EA0962D3FB6F72CE875FDE /* Pods */,
				78526A06C1C914155AC5FADC /* Frameworks */,
			);
			sourceTree = "<group>";
		};
		AF016D44253D03EE00A126E4 /* Products */ = {
			isa = PBXGroup;
			children = (
				AF016D43253D03EE00A126E4 /* GradPath-1.app */,
				AF686BB22550AF9200F01C93 /* GradPath-1Tests.xctest */,
				AFC66863256F5BBB00F3A622 /* GradPath-1UITests.xctest */,
			);
			name = Products;
			sourceTree = "<group>";
		};
		AF016D45253D03EE00A126E4 /* GradPath-1 */ = {
			isa = PBXGroup;
			children = (
				AF5241B72563749000D65CA6 /* ViewControllers */,
				AF016D46253D03EE00A126E4 /* AppDelegate.swift */,
				AF016D48253D03EE00A126E4 /* SceneDelegate.swift */,
				AF016D4C253D03EE00A126E4 /* Main.storyboard */,
				AF016D4F253D03F100A126E4 /* Assets.xcassets */,
				AF016D51253D03F100A126E4 /* LaunchScreen.storyboard */,
				AF016D54253D03F100A126E4 /* Info.plist */,
				AF48CFF7254D357C00544EF8 /* User.swift */,
				AF5241CF2563AB1900D65CA6 /* CourseTableViewCell.swift */,
				AF1D82962568CCB7007AAEB6 /* data.txt */,
				AF6957DC257440D000979C26 /* SavedCourseTableViewCell.swift */,
			);
			path = "GradPath-1";
			sourceTree = "<group>";
		};
		AF5241B72563749000D65CA6 /* ViewControllers */ = {
			isa = PBXGroup;
			children = (
				AF016D4A253D03EE00A126E4 /* ViewController.swift */,
				AFC12B3625737B2E00126E0B /* DashboardViewController.swift */,
				AF48CFF3254D322F00544EF8 /* SignupViewController.swift */,
				AF48CFEF254D306800544EF8 /* LoginViewController.swift */,
				AF0F71172560716600DDDD4A /* LevelViewController.swift */,
				AF686BC62551097B00F01C93 /* KeywordViewController.swift */,
				AFD056B525649D9300AF4058 /* CourseTableViewController.swift */,
				AF6957D725743CC400979C26 /* SavedCourseTableViewController.swift */,
				AF55D3F6257726CE00078A40 /* MyProfileViewController.swift */,
			);
			path = ViewControllers;
			sourceTree = "<group>";
		};
		AF686BB32550AF9200F01C93 /* GradPath-1Tests */ = {
			isa = PBXGroup;
			children = (
				AF686BB42550AF9200F01C93 /* GradPath_1Tests.swift */,
				AF686BB62550AF9200F01C93 /* Info.plist */,
			);
			path = "GradPath-1Tests";
			sourceTree = "<group>";
		};
		AFC66864256F5BBB00F3A622 /* GradPath-1UITests */ = {
			isa = PBXGroup;
			children = (
				AFC66865256F5BBB00F3A622 /* GradPath_1UITests.swift */,
				AFC66867256F5BBB00F3A622 /* Info.plist */,
			);
			path = "GradPath-1UITests";
			sourceTree = "<group>";
		};
/* End PBXGroup section */

/* Begin PBXNativeTarget section */
		AF016D42253D03EE00A126E4 /* GradPath-1 */ = {
			isa = PBXNativeTarget;
			buildConfigurationList = AF016D57253D03F100A126E4 /* Build configuration list for PBXNativeTarget "GradPath-1" */;
			buildPhases = (
				D6B5F34B858DC5294320C817 /* [CP] Check Pods Manifest.lock */,
				AF016D3F253D03EE00A126E4 /* Sources */,
				AF016D40253D03EE00A126E4 /* Frameworks */,
				AF016D41253D03EE00A126E4 /* Resources */,
				1CCD0DFCC4AD65D292FDD28B /* [CP] Embed Pods Frameworks */,
			);
			buildRules = (
			);
			dependencies = (
			);
			name = "GradPath-1";
			productName = "GradPath-1";
			productReference = AF016D43253D03EE00A126E4 /* GradPath-1.app */;
			productType = "com.apple.product-type.application";
		};
		AF686BB12550AF9200F01C93 /* GradPath-1Tests */ = {
			isa = PBXNativeTarget;
			buildConfigurationList = AF686BB92550AF9200F01C93 /* Build configuration list for PBXNativeTarget "GradPath-1Tests" */;
			buildPhases = (
				AF686BAE2550AF9200F01C93 /* Sources */,
				AF686BAF2550AF9200F01C93 /* Frameworks */,
				AF686BB02550AF9200F01C93 /* Resources */,
			);
			buildRules = (
			);
			dependencies = (
				AF686BB82550AF9200F01C93 /* PBXTargetDependency */,
			);
			name = "GradPath-1Tests";
			productName = "GradPath-1Tests";
			productReference = AF686BB22550AF9200F01C93 /* GradPath-1Tests.xctest */;
			productType = "com.apple.product-type.bundle.unit-test";
		};
		AFC66862256F5BBB00F3A622 /* GradPath-1UITests */ = {
			isa = PBXNativeTarget;
			buildConfigurationList = AFC6686A256F5BBB00F3A622 /* Build configuration list for PBXNativeTarget "GradPath-1UITests" */;
			buildPhases = (
				AFC6685F256F5BBB00F3A622 /* Sources */,
				AFC66860256F5BBB00F3A622 /* Frameworks */,
				AFC66861256F5BBB00F3A622 /* Resources */,
			);
			buildRules = (
			);
			dependencies = (
				AFC66869256F5BBB00F3A622 /* PBXTargetDependency */,
			);
			name = "GradPath-1UITests";
			productName = "GradPath-1UITests";
			productReference = AFC66863256F5BBB00F3A622 /* GradPath-1UITests.xctest */;
			productType = "com.apple.product-type.bundle.ui-testing";
		};
/* End PBXNativeTarget section */

/* Begin PBXProject section */
		AF016D3B253D03EE00A126E4 /* Project object */ = {
			isa = PBXProject;
			attributes = {
				LastSwiftUpdateCheck = 1200;
				LastUpgradeCheck = 1200;
				TargetAttributes = {
					AF016D42253D03EE00A126E4 = {
						CreatedOnToolsVersion = 12.0.1;
					};
					AF686BB12550AF9200F01C93 = {
						CreatedOnToolsVersion = 12.0.1;
						TestTargetID = AF016D42253D03EE00A126E4;
					};
					AFC66862256F5BBB00F3A622 = {
						CreatedOnToolsVersion = 12.0.1;
						TestTargetID = AF016D42253D03EE00A126E4;
					};
				};
			};
			buildConfigurationList = AF016D3E253D03EE00A126E4 /* Build configuration list for PBXProject "GradPath-1" */;
			compatibilityVersion = "Xcode 9.3";
			developmentRegion = en;
			hasScannedForEncodings = 0;
			knownRegions = (
				en,
				Base,
			);
			mainGroup = AF016D3A253D03EE00A126E4;
			productRefGroup = AF016D44253D03EE00A126E4 /* Products */;
			projectDirPath = "";
			projectRoot = "";
			targets = (
				AF016D42253D03EE00A126E4 /* GradPath-1 */,
				AF686BB12550AF9200F01C93 /* GradPath-1Tests */,
				AFC66862256F5BBB00F3A622 /* GradPath-1UITests */,
			);
		};
/* End PBXProject section */

/* Begin PBXResourcesBuildPhase section */
		AF016D41253D03EE00A126E4 /* Resources */ = {
			isa = PBXResourcesBuildPhase;
			buildActionMask = 2147483647;
			files = (
				AF1D82972568CCB7007AAEB6 /* data.txt in Resources */,
				AF016D53253D03F100A126E4 /* LaunchScreen.storyboard in Resources */,
				AF016D50253D03F100A126E4 /* Assets.xcassets in Resources */,
				AF016D4E253D03EE00A126E4 /* Main.storyboard in Resources */,
			);
			runOnlyForDeploymentPostprocessing = 0;
		};
		AF686BB02550AF9200F01C93 /* Resources */ = {
			isa = PBXResourcesBuildPhase;
			buildActionMask = 2147483647;
			files = (
			);
			runOnlyForDeploymentPostprocessing = 0;
		};
		AFC66861256F5BBB00F3A622 /* Resources */ = {
			isa = PBXResourcesBuildPhase;
			buildActionMask = 2147483647;
			files = (
			);
			runOnlyForDeploymentPostprocessing = 0;
		};
/* End PBXResourcesBuildPhase section */

/* Begin PBXShellScriptBuildPhase section */
		1CCD0DFCC4AD65D292FDD28B /* [CP] Embed Pods Frameworks */ = {
			isa = PBXShellScriptBuildPhase;
			buildActionMask = 2147483647;
			files = (
			);
			inputFileListPaths = (
				"${PODS_ROOT}/Target Support Files/Pods-GradPath-1/Pods-GradPath-1-frameworks-${CONFIGURATION}-input-files.xcfilelist",
			);
			name = "[CP] Embed Pods Frameworks";
			outputFileListPaths = (
				"${PODS_ROOT}/Target Support Files/Pods-GradPath-1/Pods-GradPath-1-frameworks-${CONFIGURATION}-output-files.xcfilelist",
			);
			runOnlyForDeploymentPostprocessing = 0;
			shellPath = /bin/sh;
			shellScript = "\"${PODS_ROOT}/Target Support Files/Pods-GradPath-1/Pods-GradPath-1-frameworks.sh\"\n";
			showEnvVarsInLog = 0;
		};
		D6B5F34B858DC5294320C817 /* [CP] Check Pods Manifest.lock */ = {
			isa = PBXShellScriptBuildPhase;
			buildActionMask = 2147483647;
			files = (
			);
			inputFileListPaths = (
			);
			inputPaths = (
				"${PODS_PODFILE_DIR_PATH}/Podfile.lock",
				"${PODS_ROOT}/Manifest.lock",
			);
			name = "[CP] Check Pods Manifest.lock";
			outputFileListPaths = (
			);
			outputPaths = (
				"$(DERIVED_FILE_DIR)/Pods-GradPath-1-checkManifestLockResult.txt",
			);
			runOnlyForDeploymentPostprocessing = 0;
			shellPath = /bin/sh;
			shellScript = "diff \"${PODS_PODFILE_DIR_PATH}/Podfile.lock\" \"${PODS_ROOT}/Manifest.lock\" > /dev/null\nif [ $? != 0 ] ; then\n    # print error to STDERR\n    echo \"error: The sandbox is not in sync with the Podfile.lock. Run 'pod install' or update your CocoaPods installation.\" >&2\n    exit 1\nfi\n# This output is used by Xcode 'outputs' to avoid re-running this script phase.\necho \"SUCCESS\" > \"${SCRIPT_OUTPUT_FILE_0}\"\n";
			showEnvVarsInLog = 0;
		};
/* End PBXShellScriptBuildPhase section */

/* Begin PBXSourcesBuildPhase section */
		AF016D3F253D03EE00A126E4 /* Sources */ = {
			isa = PBXSourcesBuildPhase;
			buildActionMask = 2147483647;
			files = (
				AF55D3F7257726CE00078A40 /* MyProfileViewController.swift in Sources */,
				AFD056B625649D9300AF4058 /* CourseTableViewController.swift in Sources */,
				AF48CFF0254D306800544EF8 /* LoginViewController.swift in Sources */,
				AF6957DD257440D000979C26 /* SavedCourseTableViewCell.swift in Sources */,
				AF686BC72551097B00F01C93 /* KeywordViewController.swift in Sources */,
				AF016D4B253D03EE00A126E4 /* ViewController.swift in Sources */,
				AF0F71182560716600DDDD4A /* LevelViewController.swift in Sources */,
				AF48CFF4254D322F00544EF8 /* SignupViewController.swift in Sources */,
				AF5241D02563AB1900D65CA6 /* CourseTableViewCell.swift in Sources */,
				AF6957D825743CC400979C26 /* SavedCourseTableViewController.swift in Sources */,
				AFC12B3725737B2E00126E0B /* DashboardViewController.swift in Sources */,
				AF016D47253D03EE00A126E4 /* AppDelegate.swift in Sources */,
				AF016D49253D03EE00A126E4 /* SceneDelegate.swift in Sources */,
				AF48CFF8254D357C00544EF8 /* User.swift in Sources */,
			);
			runOnlyForDeploymentPostprocessing = 0;
		};
		AF686BAE2550AF9200F01C93 /* Sources */ = {
			isa = PBXSourcesBuildPhase;
			buildActionMask = 2147483647;
			files = (
				AF686BB52550AF9200F01C93 /* GradPath_1Tests.swift in Sources */,
			);
			runOnlyForDeploymentPostprocessing = 0;
		};
		AFC6685F256F5BBB00F3A622 /* Sources */ = {
			isa = PBXSourcesBuildPhase;
			buildActionMask = 2147483647;
			files = (
				AFC66866256F5BBB00F3A622 /* GradPath_1UITests.swift in Sources */,
			);
			runOnlyForDeploymentPostprocessing = 0;
		};
/* End PBXSourcesBuildPhase section */

/* Begin PBXTargetDependency section */
		AF686BB82550AF9200F01C93 /* PBXTargetDependency */ = {
			isa = PBXTargetDependency;
			target = AF016D42253D03EE00A126E4 /* GradPath-1 */;
			targetProxy = AF686BB72550AF9200F01C93 /* PBXContainerItemProxy */;
		};
		AFC66869256F5BBB00F3A622 /* PBXTargetDependency */ = {
			isa = PBXTargetDependency;
			target = AF016D42253D03EE00A126E4 /* GradPath-1 */;
			targetProxy = AFC66868256F5BBB00F3A622 /* PBXContainerItemProxy */;
		};
/* End PBXTargetDependency section */

/* Begin PBXVariantGroup section */
		AF016D4C253D03EE00A126E4 /* Main.storyboard */ = {
			isa = PBXVariantGroup;
			children = (
				AF016D4D253D03EE00A126E4 /* Base */,
			);
			name = Main.storyboard;
			sourceTree = "<group>";
		};
		AF016D51253D03F100A126E4 /* LaunchScreen.storyboard */ = {
			isa = PBXVariantGroup;
			children = (
				AF016D52253D03F100A126E4 /* Base */,
			);
			name = LaunchScreen.storyboard;
			sourceTree = "<group>";
		};
/* End PBXVariantGroup section */

/* Begin XCBuildConfiguration section */
		AF016D55253D03F100A126E4 /* Debug */ = {
			isa = XCBuildConfiguration;
			buildSettings = {
				ALWAYS_SEARCH_USER_PATHS = NO;
				CLANG_ANALYZER_NONNULL = YES;
				CLANG_ANALYZER_NUMBER_OBJECT_CONVERSION = YES_AGGRESSIVE;
				CLANG_CXX_LANGUAGE_STANDARD = "gnu++14";
				CLANG_CXX_LIBRARY = "libc++";
				CLANG_ENABLE_MODULES = YES;
				CLANG_ENABLE_OBJC_ARC = YES;
				CLANG_ENABLE_OBJC_WEAK = YES;
				CLANG_WARN_BLOCK_CAPTURE_AUTORELEASING = YES;
				CLANG_WARN_BOOL_CONVERSION = YES;
				CLANG_WARN_COMMA = YES;
				CLANG_WARN_CONSTANT_CONVERSION = YES;
				CLANG_WARN_DEPRECATED_OBJC_IMPLEMENTATIONS = YES;
				CLANG_WARN_DIRECT_OBJC_ISA_USAGE = YES_ERROR;
				CLANG_WARN_DOCUMENTATION_COMMENTS = YES;
				CLANG_WARN_EMPTY_BODY = YES;
				CLANG_WARN_ENUM_CONVERSION = YES;
				CLANG_WARN_INFINITE_RECURSION = YES;
				CLANG_WARN_INT_CONVERSION = YES;
				CLANG_WARN_NON_LITERAL_NULL_CONVERSION = YES;
				CLANG_WARN_OBJC_IMPLICIT_RETAIN_SELF = YES;
				CLANG_WARN_OBJC_LITERAL_CONVERSION = YES;
				CLANG_WARN_OBJC_ROOT_CLASS = YES_ERROR;
				CLANG_WARN_QUOTED_INCLUDE_IN_FRAMEWORK_HEADER = YES;
				CLANG_WARN_RANGE_LOOP_ANALYSIS = YES;
				CLANG_WARN_STRICT_PROTOTYPES = YES;
				CLANG_WARN_SUSPICIOUS_MOVE = YES;
				CLANG_WARN_UNGUARDED_AVAILABILITY = YES_AGGRESSIVE;
				CLANG_WARN_UNREACHABLE_CODE = YES;
				CLANG_WARN__DUPLICATE_METHOD_MATCH = YES;
				COPY_PHASE_STRIP = NO;
				DEBUG_INFORMATION_FORMAT = dwarf;
				ENABLE_STRICT_OBJC_MSGSEND = YES;
				ENABLE_TESTABILITY = YES;
				GCC_C_LANGUAGE_STANDARD = gnu11;
				GCC_DYNAMIC_NO_PIC = NO;
				GCC_NO_COMMON_BLOCKS = YES;
				GCC_OPTIMIZATION_LEVEL = 0;
				GCC_PREPROCESSOR_DEFINITIONS = (
					"DEBUG=1",
					"$(inherited)",
				);
				GCC_WARN_64_TO_32_BIT_CONVERSION = YES;
				GCC_WARN_ABOUT_RETURN_TYPE = YES_ERROR;
				GCC_WARN_UNDECLARED_SELECTOR = YES;
				GCC_WARN_UNINITIALIZED_AUTOS = YES_AGGRESSIVE;
				GCC_WARN_UNUSED_FUNCTION = YES;
				GCC_WARN_UNUSED_VARIABLE = YES;
				IPHONEOS_DEPLOYMENT_TARGET = 14.0;
				MTL_ENABLE_DEBUG_INFO = INCLUDE_SOURCE;
				MTL_FAST_MATH = YES;
				ONLY_ACTIVE_ARCH = YES;
				SDKROOT = iphoneos;
				SWIFT_ACTIVE_COMPILATION_CONDITIONS = DEBUG;
				SWIFT_OPTIMIZATION_LEVEL = "-Onone";
			};
			name = Debug;
		};
		AF016D56253D03F100A126E4 /* Release */ = {
			isa = XCBuildConfiguration;
			buildSettings = {
				ALWAYS_SEARCH_USER_PATHS = NO;
				CLANG_ANALYZER_NONNULL = YES;
				CLANG_ANALYZER_NUMBER_OBJECT_CONVERSION = YES_AGGRESSIVE;
				CLANG_CXX_LANGUAGE_STANDARD = "gnu++14";
				CLANG_CXX_LIBRARY = "libc++";
				CLANG_ENABLE_MODULES = YES;
				CLANG_ENABLE_OBJC_ARC = YES;
				CLANG_ENABLE_OBJC_WEAK = YES;
				CLANG_WARN_BLOCK_CAPTURE_AUTORELEASING = YES;
				CLANG_WARN_BOOL_CONVERSION = YES;
				CLANG_WARN_COMMA = YES;
				CLANG_WARN_CONSTANT_CONVERSION = YES;
				CLANG_WARN_DEPRECATED_OBJC_IMPLEMENTATIONS = YES;
				CLANG_WARN_DIRECT_OBJC_ISA_USAGE = YES_ERROR;
				CLANG_WARN_DOCUMENTATION_COMMENTS = YES;
				CLANG_WARN_EMPTY_BODY = YES;
				CLANG_WARN_ENUM_CONVERSION = YES;
				CLANG_WARN_INFINITE_RECURSION = YES;
				CLANG_WARN_INT_CONVERSION = YES;
				CLANG_WARN_NON_LITERAL_NULL_CONVERSION = YES;
				CLANG_WARN_OBJC_IMPLICIT_RETAIN_SELF = YES;
				CLANG_WARN_OBJC_LITERAL_CONVERSION = YES;
				CLANG_WARN_OBJC_ROOT_CLASS = YES_ERROR;
				CLANG_WARN_QUOTED_INCLUDE_IN_FRAMEWORK_HEADER = YES;
				CLANG_WARN_RANGE_LOOP_ANALYSIS = YES;
				CLANG_WARN_STRICT_PROTOTYPES = YES;
				CLANG_WARN_SUSPICIOUS_MOVE = YES;
				CLANG_WARN_UNGUARDED_AVAILABILITY = YES_AGGRESSIVE;
				CLANG_WARN_UNREACHABLE_CODE = YES;
				CLANG_WARN__DUPLICATE_METHOD_MATCH = YES;
				COPY_PHASE_STRIP = NO;
				DEBUG_INFORMATION_FORMAT = "dwarf-with-dsym";
				ENABLE_NS_ASSERTIONS = NO;
				ENABLE_STRICT_OBJC_MSGSEND = YES;
				GCC_C_LANGUAGE_STANDARD = gnu11;
				GCC_NO_COMMON_BLOCKS = YES;
				GCC_WARN_64_TO_32_BIT_CONVERSION = YES;
				GCC_WARN_ABOUT_RETURN_TYPE = YES_ERROR;
				GCC_WARN_UNDECLARED_SELECTOR = YES;
				GCC_WARN_UNINITIALIZED_AUTOS = YES_AGGRESSIVE;
				GCC_WARN_UNUSED_FUNCTION = YES;
				GCC_WARN_UNUSED_VARIABLE = YES;
				IPHONEOS_DEPLOYMENT_TARGET = 14.0;
				MTL_ENABLE_DEBUG_INFO = NO;
				MTL_FAST_MATH = YES;
				SDKROOT = iphoneos;
				SWIFT_COMPILATION_MODE = wholemodule;
				SWIFT_OPTIMIZATION_LEVEL = "-O";
				VALIDATE_PRODUCT = YES;
			};
			name = Release;
		};
		AF016D58253D03F100A126E4 /* Debug */ = {
			isa = XCBuildConfiguration;
			baseConfigurationReference = D67175C6031C878E4B6DD5AE /* Pods-GradPath-1.debug.xcconfig */;
			buildSettings = {
				ASSETCATALOG_COMPILER_APPICON_NAME = AppIcon;
				ASSETCATALOG_COMPILER_GLOBAL_ACCENT_COLOR_NAME = AccentColor;
				CODE_SIGN_STYLE = Automatic;
				INFOPLIST_FILE = "GradPath-1/Info.plist";
				LD_RUNPATH_SEARCH_PATHS = (
					"$(inherited)",
					"@executable_path/Frameworks",
				);
				PRODUCT_BUNDLE_IDENTIFIER = "amrit-kaur.GradPath-1";
				PRODUCT_NAME = "$(TARGET_NAME)";
				SWIFT_VERSION = 5.0;
				TARGETED_DEVICE_FAMILY = "1,2";
			};
			name = Debug;
		};
		AF016D59253D03F100A126E4 /* Release */ = {
			isa = XCBuildConfiguration;
			baseConfigurationReference = CAC8FFC1CE2B18EEA4522045 /* Pods-GradPath-1.release.xcconfig */;
			buildSettings = {
				ASSETCATALOG_COMPILER_APPICON_NAME = AppIcon;
				ASSETCATALOG_COMPILER_GLOBAL_ACCENT_COLOR_NAME = AccentColor;
				CODE_SIGN_STYLE = Automatic;
				INFOPLIST_FILE = "GradPath-1/Info.plist";
				LD_RUNPATH_SEARCH_PATHS = (
					"$(inherited)",
					"@executable_path/Frameworks",
				);
				PRODUCT_BUNDLE_IDENTIFIER = "amrit-kaur.GradPath-1";
				PRODUCT_NAME = "$(TARGET_NAME)";
				SWIFT_VERSION = 5.0;
				TARGETED_DEVICE_FAMILY = "1,2";
			};
			name = Release;
		};
		AF686BBA2550AF9200F01C93 /* Debug */ = {
			isa = XCBuildConfiguration;
			buildSettings = {
				BUNDLE_LOADER = "$(TEST_HOST)";
				CODE_SIGN_STYLE = Automatic;
				INFOPLIST_FILE = "GradPath-1Tests/Info.plist";
				LD_RUNPATH_SEARCH_PATHS = (
					"$(inherited)",
					"@executable_path/Frameworks",
					"@loader_path/Frameworks",
				);
				PRODUCT_BUNDLE_IDENTIFIER = "amrit-kaur.GradPath-1Tests";
				PRODUCT_NAME = "$(TARGET_NAME)";
				SWIFT_VERSION = 5.0;
				TARGETED_DEVICE_FAMILY = "1,2";
				TEST_HOST = "$(BUILT_PRODUCTS_DIR)/GradPath-1.app/GradPath-1";
			};
			name = Debug;
		};
		AF686BBB2550AF9200F01C93 /* Release */ = {
			isa = XCBuildConfiguration;
			buildSettings = {
				BUNDLE_LOADER = "$(TEST_HOST)";
				CODE_SIGN_STYLE = Automatic;
				INFOPLIST_FILE = "GradPath-1Tests/Info.plist";
				LD_RUNPATH_SEARCH_PATHS = (
					"$(inherited)",
					"@executable_path/Frameworks",
					"@loader_path/Frameworks",
				);
				PRODUCT_BUNDLE_IDENTIFIER = "amrit-kaur.GradPath-1Tests";
				PRODUCT_NAME = "$(TARGET_NAME)";
				SWIFT_VERSION = 5.0;
				TARGETED_DEVICE_FAMILY = "1,2";
				TEST_HOST = "$(BUILT_PRODUCTS_DIR)/GradPath-1.app/GradPath-1";
			};
			name = Release;
		};
		AFC6686B256F5BBB00F3A622 /* Debug */ = {
			isa = XCBuildConfiguration;
			buildSettings = {
				CODE_SIGN_STYLE = Automatic;
				INFOPLIST_FILE = "GradPath-1UITests/Info.plist";
				LD_RUNPATH_SEARCH_PATHS = (
					"$(inherited)",
					"@executable_path/Frameworks",
					"@loader_path/Frameworks",
				);
				PRODUCT_BUNDLE_IDENTIFIER = "amrit-kaur.GradPath-1UITests";
				PRODUCT_NAME = "$(TARGET_NAME)";
				SWIFT_VERSION = 5.0;
				TARGETED_DEVICE_FAMILY = "1,2";
				TEST_TARGET_NAME = "GradPath-1";
			};
			name = Debug;
		};
		AFC6686C256F5BBB00F3A622 /* Release */ = {
			isa = XCBuildConfiguration;
			buildSettings = {
				CODE_SIGN_STYLE = Automatic;
				INFOPLIST_FILE = "GradPath-1UITests/Info.plist";
				LD_RUNPATH_SEARCH_PATHS = (
					"$(inherited)",
					"@executable_path/Frameworks",
					"@loader_path/Frameworks",
				);
				PRODUCT_BUNDLE_IDENTIFIER = "amrit-kaur.GradPath-1UITests";
				PRODUCT_NAME = "$(TARGET_NAME)";
				SWIFT_VERSION = 5.0;
				TARGETED_DEVICE_FAMILY = "1,2";
				TEST_TARGET_NAME = "GradPath-1";
			};
			name = Release;
		};
/* End XCBuildConfiguration section */

/* Begin XCConfigurationList section */
		AF016D3E253D03EE00A126E4 /* Build configuration list for PBXProject "GradPath-1" */ = {
			isa = XCConfigurationList;
			buildConfigurations = (
				AF016D55253D03F100A126E4 /* Debug */,
				AF016D56253D03F100A126E4 /* Release */,
			);
			defaultConfigurationIsVisible = 0;
			defaultConfigurationName = Release;
		};
		AF016D57253D03F100A126E4 /* Build configuration list for PBXNativeTarget "GradPath-1" */ = {
			isa = XCConfigurationList;
			buildConfigurations = (
				AF016D58253D03F100A126E4 /* Debug */,
				AF016D59253D03F100A126E4 /* Release */,
			);
			defaultConfigurationIsVisible = 0;
			defaultConfigurationName = Release;
		};
		AF686BB92550AF9200F01C93 /* Build configuration list for PBXNativeTarget "GradPath-1Tests" */ = {
			isa = XCConfigurationList;
			buildConfigurations = (
				AF686BBA2550AF9200F01C93 /* Debug */,
				AF686BBB2550AF9200F01C93 /* Release */,
			);
			defaultConfigurationIsVisible = 0;
			defaultConfigurationName = Release;
		};
		AFC6686A256F5BBB00F3A622 /* Build configuration list for PBXNativeTarget "GradPath-1UITests" */ = {
			isa = XCConfigurationList;
			buildConfigurations = (
				AFC6686B256F5BBB00F3A622 /* Debug */,
				AFC6686C256F5BBB00F3A622 /* Release */,
			);
			defaultConfigurationIsVisible = 0;
			defaultConfigurationName = Release;
		};
/* End XCConfigurationList section */
	};
	rootObject = AF016D3B253D03EE00A126E4 /* Project object */;
}
